
Microsoft Visual Studio Solution File, Format Version 12.00
# Visual Studio 15
VisualStudioVersion = 15.0.26730.8
MinimumVisualStudioVersion = 10.0.40219.1
Project("{2150E333-8FDC-42A3-9474-1A3956D46DE8}") = "src", "src", "{38ACC085-86A1-40B0-883A-2BC0E7C22867}"
EndProject
Project("{2150E333-8FDC-42A3-9474-1A3956D46DE8}") = "Solution Items", "Solution Items", "{15DFAD41-427B-47FC-8FC7-692E1075EBDF}"
	ProjectSection(SolutionItems) = preProject
		docker-compose.yml = docker-compose.yml
		Dockerfile = Dockerfile
		README.md = README.md
	EndProjectSection
EndProject
Project("{2150E333-8FDC-42A3-9474-1A3956D46DE8}") = "test", "test", "{D2EDB80B-11D0-48FE-918B-84BB09192E64}"
EndProject
Project("{2150E333-8FDC-42A3-9474-1A3956D46DE8}") = "unit", "unit", "{846482EC-633E-42BB-9DE1-69E6C4681290}"
EndProject
Project("{2150E333-8FDC-42A3-9474-1A3956D46DE8}") = "integration", "integration", "{275BF6D9-A972-490B-BFA7-45874BF35B1D}"
EndProject
Project("{9A19103F-16F7-4668-BE54-9A1E7A4F7556}") = "QuotesWriter.Broker", "src\QuotesWriter.Broker\QuotesWriter.Broker.csproj", "{6BA45994-F277-4D82-AE11-6351EB151537}"
EndProject
Project("{9A19103F-16F7-4668-BE54-9A1E7A4F7556}") = "QuotesWriter.Core", "src\QuotesWriter.Core\QuotesWriter.Core.csproj", "{E2A69973-42B1-413E-8B49-009D878C5E9D}"
EndProject
Project("{9A19103F-16F7-4668-BE54-9A1E7A4F7556}") = "AzureRepositories.Quotes", "src\AzureRepositories.Quotes\AzureRepositories.Quotes.csproj", "{0F6CBEB3-6143-4846-90E3-139F0D85A479}"
EndProject
Project("{9A19103F-16F7-4668-BE54-9A1E7A4F7556}") = "QuotesWriter.IntegrationTests", "test\integration\QuotesWriter.IntegrationTests\QuotesWriter.IntegrationTests.csproj", "{442857E7-573C-42A4-B2EC-79E4A46FF1AD}"
EndProject
Project("{9A19103F-16F7-4668-BE54-9A1E7A4F7556}") = "QuotesWriter.Core.Tests", "test\unit\QuotesWriter.Core.Tests\QuotesWriter.Core.Tests.csproj", "{AF39A4AF-E2FF-4F9C-A22E-6541F2776085}"
EndProject
Global
	GlobalSection(SolutionConfigurationPlatforms) = preSolution
		Debug|Any CPU = Debug|Any CPU
		Release|Any CPU = Release|Any CPU
	EndGlobalSection
	GlobalSection(ProjectConfigurationPlatforms) = postSolution
		{6BA45994-F277-4D82-AE11-6351EB151537}.Debug|Any CPU.ActiveCfg = Debug|Any CPU
		{6BA45994-F277-4D82-AE11-6351EB151537}.Debug|Any CPU.Build.0 = Debug|Any CPU
		{6BA45994-F277-4D82-AE11-6351EB151537}.Release|Any CPU.ActiveCfg = Release|Any CPU
		{6BA45994-F277-4D82-AE11-6351EB151537}.Release|Any CPU.Build.0 = Release|Any CPU
		{E2A69973-42B1-413E-8B49-009D878C5E9D}.Debug|Any CPU.ActiveCfg = Debug|Any CPU
		{E2A69973-42B1-413E-8B49-009D878C5E9D}.Debug|Any CPU.Build.0 = Debug|Any CPU
		{E2A69973-42B1-413E-8B49-009D878C5E9D}.Release|Any CPU.ActiveCfg = Release|Any CPU
		{E2A69973-42B1-413E-8B49-009D878C5E9D}.Release|Any CPU.Build.0 = Release|Any CPU
		{0F6CBEB3-6143-4846-90E3-139F0D85A479}.Debug|Any CPU.ActiveCfg = Debug|Any CPU
		{0F6CBEB3-6143-4846-90E3-139F0D85A479}.Debug|Any CPU.Build.0 = Debug|Any CPU
		{0F6CBEB3-6143-4846-90E3-139F0D85A479}.Release|Any CPU.ActiveCfg = Release|Any CPU
		{0F6CBEB3-6143-4846-90E3-139F0D85A479}.Release|Any CPU.Build.0 = Release|Any CPU
		{442857E7-573C-42A4-B2EC-79E4A46FF1AD}.Debug|Any CPU.ActiveCfg = Debug|Any CPU
		{442857E7-573C-42A4-B2EC-79E4A46FF1AD}.Debug|Any CPU.Build.0 = Debug|Any CPU
		{442857E7-573C-42A4-B2EC-79E4A46FF1AD}.Release|Any CPU.ActiveCfg = Release|Any CPU
		{442857E7-573C-42A4-B2EC-79E4A46FF1AD}.Release|Any CPU.Build.0 = Release|Any CPU
		{AF39A4AF-E2FF-4F9C-A22E-6541F2776085}.Debug|Any CPU.ActiveCfg = Debug|Any CPU
		{AF39A4AF-E2FF-4F9C-A22E-6541F2776085}.Debug|Any CPU.Build.0 = Debug|Any CPU
		{AF39A4AF-E2FF-4F9C-A22E-6541F2776085}.Release|Any CPU.ActiveCfg = Release|Any CPU
		{AF39A4AF-E2FF-4F9C-A22E-6541F2776085}.Release|Any CPU.Build.0 = Release|Any CPU
	EndGlobalSection
	GlobalSection(SolutionProperties) = preSolution
		HideSolutionNode = FALSE
	EndGlobalSection
	GlobalSection(NestedProjects) = preSolution
		{846482EC-633E-42BB-9DE1-69E6C4681290} = {D2EDB80B-11D0-48FE-918B-84BB09192E64}
		{275BF6D9-A972-490B-BFA7-45874BF35B1D} = {D2EDB80B-11D0-48FE-918B-84BB09192E64}
		{6BA45994-F277-4D82-AE11-6351EB151537} = {38ACC085-86A1-40B0-883A-2BC0E7C22867}
		{E2A69973-42B1-413E-8B49-009D878C5E9D} = {38ACC085-86A1-40B0-883A-2BC0E7C22867}
		{0F6CBEB3-6143-4846-90E3-139F0D85A479} = {38ACC085-86A1-40B0-883A-2BC0E7C22867}
		{442857E7-573C-42A4-B2EC-79E4A46FF1AD} = {275BF6D9-A972-490B-BFA7-45874BF35B1D}
		{AF39A4AF-E2FF-4F9C-A22E-6541F2776085} = {846482EC-633E-42BB-9DE1-69E6C4681290}
	EndGlobalSection
	GlobalSection(ExtensibilityGlobals) = postSolution
		SolutionGuid = {FD83E4F6-73A3-4CBA-B576-C9B677513C0D}
	EndGlobalSection
EndGlobal
