
Microsoft Visual Studio Solution File, Format Version 12.00
# Visual Studio 15
VisualStudioVersion = 15.0.27428.2037
MinimumVisualStudioVersion = 10.0.40219.1
Project("{9A19103F-16F7-4668-BE54-9A1E7A4F7556}") = "QuotesHistoryCorrectionTool", "QuotesHistoryCorrectionTool\QuotesHistoryCorrectionTool.csproj", "{0AB7FCE7-61B9-431A-AD2D-78760A21F7F5}"
EndProject
Project("{FAE04EC0-301F-11D3-BF4B-00C04F79EFBC}") = "UnitTests", "UnitTests\UnitTests.csproj", "{76218F28-27CD-4CBF-BD01-8416144A0B8A}"
EndProject
Global
	GlobalSection(SolutionConfigurationPlatforms) = preSolution
		Debug|Any CPU = Debug|Any CPU
		Release|Any CPU = Release|Any CPU
	EndGlobalSection
	GlobalSection(ProjectConfigurationPlatforms) = postSolution
		{0AB7FCE7-61B9-431A-AD2D-78760A21F7F5}.Debug|Any CPU.ActiveCfg = Debug|Any CPU
		{0AB7FCE7-61B9-431A-AD2D-78760A21F7F5}.Debug|Any CPU.Build.0 = Debug|Any CPU
		{0AB7FCE7-61B9-431A-AD2D-78760A21F7F5}.Release|Any CPU.ActiveCfg = Release|Any CPU
		{0AB7FCE7-61B9-431A-AD2D-78760A21F7F5}.Release|Any CPU.Build.0 = Release|Any CPU
		{76218F28-27CD-4CBF-BD01-8416144A0B8A}.Debug|Any CPU.ActiveCfg = Debug|Any CPU
		{76218F28-27CD-4CBF-BD01-8416144A0B8A}.Debug|Any CPU.Build.0 = Debug|Any CPU
		{76218F28-27CD-4CBF-BD01-8416144A0B8A}.Release|Any CPU.ActiveCfg = Release|Any CPU
		{76218F28-27CD-4CBF-BD01-8416144A0B8A}.Release|Any CPU.Build.0 = Release|Any CPU
	EndGlobalSection
	GlobalSection(SolutionProperties) = preSolution
		HideSolutionNode = FALSE
	EndGlobalSection
	GlobalSection(ExtensibilityGlobals) = postSolution
		SolutionGuid = {EAF682D9-1866-4A2C-994A-A4B880C6FC48}
	EndGlobalSection
EndGlobal
